
Microsoft Visual Studio Solution File, Format Version 12.00
# Visual Studio Version 16
VisualStudioVersion = 16.0.31729.503
MinimumVisualStudioVersion = 10.0.40219.1
Project("{FAE04EC0-301F-11D3-BF4B-00C04F79EFBC}") = "ServerChatApp_20190140047_FuadRizkani", "ServerChatApp_20190140047_FuadRizkani\ServerChatApp_20190140047_FuadRizkani.csproj", "{FB76D51E-B62F-46D3-B6F1-71E498EC9629}"
EndProject
Global
	GlobalSection(SolutionConfigurationPlatforms) = preSolution
		Debug|Any CPU = Debug|Any CPU
		Release|Any CPU = Release|Any CPU
	EndGlobalSection
	GlobalSection(ProjectConfigurationPlatforms) = postSolution
		{FB76D51E-B62F-46D3-B6F1-71E498EC9629}.Debug|Any CPU.ActiveCfg = Debug|Any CPU
		{FB76D51E-B62F-46D3-B6F1-71E498EC9629}.Debug|Any CPU.Build.0 = Debug|Any CPU
		{FB76D51E-B62F-46D3-B6F1-71E498EC9629}.Release|Any CPU.ActiveCfg = Release|Any CPU
		{FB76D51E-B62F-46D3-B6F1-71E498EC9629}.Release|Any CPU.Build.0 = Release|Any CPU
	EndGlobalSection
	GlobalSection(SolutionProperties) = preSolution
		HideSolutionNode = FALSE
	EndGlobalSection
	GlobalSection(ExtensibilityGlobals) = postSolution
		SolutionGuid = {EF7C17A3-AF16-4B95-B4F0-C1E3139180DF}
	EndGlobalSection
EndGlobal
